
Microsoft Visual Studio Solution File, Format Version 12.00
# Visual Studio 15
VisualStudioVersion = 15.0.28307.421
MinimumVisualStudioVersion = 10.0.40219.1
Project("{FAE04EC0-301F-11D3-BF4B-00C04F79EFBC}") = "X.Decorator.App", "X.Decorator.App\X.Decorator.App.csproj", "{7F590704-A3C2-4A56-9275-686E56885B1B}"
EndProject
Project("{FAE04EC0-301F-11D3-BF4B-00C04F79EFBC}") = "X.Decorator.CQRS.Architecture", "X.Decorator.CQRS.Architecture\X.Decorator.CQRS.Architecture.csproj", "{63057E83-76FF-4824-A7D9-A158142FB665}"
EndProject
Project("{FAE04EC0-301F-11D3-BF4B-00C04F79EFBC}") = "X.Decorator.CQRS.Implementation", "X.Decorator.CQRS.Implementation\X.Decorator.CQRS.Implementation.csproj", "{D5155C37-EE51-48AA-B588-234BFB7B13D2}"
EndProject
Global
	GlobalSection(SolutionConfigurationPlatforms) = preSolution
		Debug|Any CPU = Debug|Any CPU
		Release|Any CPU = Release|Any CPU
	EndGlobalSection
	GlobalSection(ProjectConfigurationPlatforms) = postSolution
		{7F590704-A3C2-4A56-9275-686E56885B1B}.Debug|Any CPU.ActiveCfg = Debug|Any CPU
		{7F590704-A3C2-4A56-9275-686E56885B1B}.Debug|Any CPU.Build.0 = Debug|Any CPU
		{7F590704-A3C2-4A56-9275-686E56885B1B}.Release|Any CPU.ActiveCfg = Release|Any CPU
		{7F590704-A3C2-4A56-9275-686E56885B1B}.Release|Any CPU.Build.0 = Release|Any CPU
		{63057E83-76FF-4824-A7D9-A158142FB665}.Debug|Any CPU.ActiveCfg = Debug|Any CPU
		{63057E83-76FF-4824-A7D9-A158142FB665}.Debug|Any CPU.Build.0 = Debug|Any CPU
		{63057E83-76FF-4824-A7D9-A158142FB665}.Release|Any CPU.ActiveCfg = Release|Any CPU
		{63057E83-76FF-4824-A7D9-A158142FB665}.Release|Any CPU.Build.0 = Release|Any CPU
		{D5155C37-EE51-48AA-B588-234BFB7B13D2}.Debug|Any CPU.ActiveCfg = Debug|Any CPU
		{D5155C37-EE51-48AA-B588-234BFB7B13D2}.Debug|Any CPU.Build.0 = Debug|Any CPU
		{D5155C37-EE51-48AA-B588-234BFB7B13D2}.Release|Any CPU.ActiveCfg = Release|Any CPU
		{D5155C37-EE51-48AA-B588-234BFB7B13D2}.Release|Any CPU.Build.0 = Release|Any CPU
	EndGlobalSection
	GlobalSection(SolutionProperties) = preSolution
		HideSolutionNode = FALSE
	EndGlobalSection
	GlobalSection(ExtensibilityGlobals) = postSolution
		SolutionGuid = {7A4FBDC3-C723-445C-90AA-98A96FC341E0}
	EndGlobalSection
EndGlobal
